{
  "version": 4,
  "terraform_version": "1.1.7",
  "serial": 23,
  "lineage": "60943633-75ed-2977-fc27-352f85846d8f",
  "outputs": {},
  "resources": [
    {
      "mode": "managed",
      "type": "google_project_service",
      "name": "servicenetworking",
      "provider": "provider[\"registry.terraform.io/hashicorp/google\"]",
      "instances": [
        {
          "schema_version": 0,
          "attributes": {
            "disable_dependent_services": null,
            "disable_on_destroy": true,
            "id": "mytesting-400910/servicenetworking.googleapis.com",
            "project": "mytesting-400910",
            "service": "servicenetworking.googleapis.com",
            "timeouts": null
          },
          "sensitive_attributes": [],
          "private": "eyJlMmJmYjczMC1lY2FhLTExZTYtOGY4OC0zNDM2M2JjN2M0YzAiOnsiY3JlYXRlIjoxMjAwMDAwMDAwMDAwLCJkZWxldGUiOjEyMDAwMDAwMDAwMDAsInJlYWQiOjYwMDAwMDAwMDAwMCwidXBkYXRlIjoxMjAwMDAwMDAwMDAwfX0="
        }
      ]
    },
    {
      "mode": "managed",
      "type": "google_project_service",
      "name": "services",
      "provider": "provider[\"registry.terraform.io/hashicorp/google\"]",
      "instances": [
        {
          "schema_version": 0,
          "attributes": {
            "disable_dependent_services": null,
            "disable_on_destroy": true,
            "id": "mytesting-400910/sqladmin.googleapis.com",
            "project": "mytesting-400910",
            "service": "sqladmin.googleapis.com",
            "timeouts": null
          },
          "sensitive_attributes": [],
          "private": "eyJlMmJmYjczMC1lY2FhLTExZTYtOGY4OC0zNDM2M2JjN2M0YzAiOnsiY3JlYXRlIjoxMjAwMDAwMDAwMDAwLCJkZWxldGUiOjEyMDAwMDAwMDAwMDAsInJlYWQiOjYwMDAwMDAwMDAwMCwidXBkYXRlIjoxMjAwMDAwMDAwMDAwfX0="
        }
      ]
    },
    {
      "mode": "managed",
      "type": "google_project_service",
      "name": "sql-component",
      "provider": "provider[\"registry.terraform.io/hashicorp/google\"]",
      "instances": [
        {
          "schema_version": 0,
          "attributes": {
            "disable_dependent_services": null,
            "disable_on_destroy": true,
            "id": "mytesting-400910/sql-component.googleapis.com",
            "project": "mytesting-400910",
            "service": "sql-component.googleapis.com",
            "timeouts": null
          },
          "sensitive_attributes": [],
          "private": "eyJlMmJmYjczMC1lY2FhLTExZTYtOGY4OC0zNDM2M2JjN2M0YzAiOnsiY3JlYXRlIjoxMjAwMDAwMDAwMDAwLCJkZWxldGUiOjEyMDAwMDAwMDAwMDAsInJlYWQiOjYwMDAwMDAwMDAwMCwidXBkYXRlIjoxMjAwMDAwMDAwMDAwfX0="
        }
      ]
    },
    {
      "mode": "managed",
      "type": "google_sql_database_instance",
      "name": "primary",
      "provider": "provider[\"registry.terraform.io/hashicorp/google\"]",
      "instances": [
        {
          "schema_version": 0,
          "attributes": {
            "available_maintenance_versions": [],
            "clone": [],
            "connection_name": "mytesting-400910:us-central1:postgresql-primary",
            "database_version": "POSTGRES_15",
            "deletion_protection": true,
            "dns_name": "",
            "encryption_key_name": null,
            "first_ip_address": "34.41.56.196",
            "id": "postgresql-primary",
            "instance_type": "CLOUD_SQL_INSTANCE",
            "ip_address": [
              {
                "ip_address": "34.41.56.196",
                "time_to_retire": "",
                "type": "PRIMARY"
              },
              {
                "ip_address": "35.239.69.189",
                "time_to_retire": "",
                "type": "OUTGOING"
              }
            ],
            "maintenance_version": "POSTGRES_15_4.R20230830.01_07",
            "master_instance_name": "",
            "name": "postgresql-primary",
            "private_ip_address": "",
            "project": "mytesting-400910",
            "psc_service_attachment_link": "",
            "public_ip_address": "34.41.56.196",
            "region": "us-central1",
            "replica_configuration": [],
            "restore_backup_context": [],
            "root_password": null,
            "self_link": "https://sqladmin.googleapis.com/sql/v1beta4/projects/mytesting-400910/instances/postgresql-primary",
            "server_ca_cert": [
              {
                "cert": "-----BEGIN CERTIFICATE-----\nMIIDfzCCAmegAwIBAgIBADANBgkqhkiG9w0BAQsFADB3MS0wKwYDVQQuEyRhNTBk\nM2Q4NS1jNTI3LTRiY2YtYWJhOS00YTg3MmU0N2VlZmUxIzAhBgNVBAMTGkdvb2ds\nZSBDbG91ZCBTUUwgU2VydmVyIENBMRQwEgYDVQQKEwtHb29nbGUsIEluYzELMAkG\nA1UEBhMCVVMwHhcNMjQwMTEyMTY0NzA3WhcNMzQwMTA5MTY0ODA3WjB3MS0wKwYD\nVQQuEyRhNTBkM2Q4NS1jNTI3LTRiY2YtYWJhOS00YTg3MmU0N2VlZmUxIzAhBgNV\nBAMTGkdvb2dsZSBDbG91ZCBTUUwgU2VydmVyIENBMRQwEgYDVQQKEwtHb29nbGUs\nIEluYzELMAkGA1UEBhMCVVMwggEiMA0GCSqGSIb3DQEBAQUAA4IBDwAwggEKAoIB\nAQCG1QX0nVzAd2CeJMf140dxaOjaCG8NRFMWCX6xKM+8T3snTXCNbkhbSSBAsqSj\ngP+oTrW+8Bni2+a16AfWXcPbaL8P1nNWIOYloufDMgM4ZkUBF/TCSCrRYbLHtB4Y\nuG5Dk6bJZl+KzM7XQ1K4r7YE3BOXLDRFt/yfCxnxwkJKHSukTuhTZLY+iq8QC4au\nchXsmcVsVIUZm+H5tLXdlRMafkVkeBChGtuz9CeskpvVap+pu6ttVZxdmlhMbfCG\n1dVW9IzixTUXp44rdYvVb0HAwp6a9z8MtJRFPCZo8u2q51+QKFMbxVxFr4b5BUJZ\nAF+dAI6yNOD3a7EoULI80veRAgMBAAGjFjAUMBIGA1UdEwEB/wQIMAYBAf8CAQAw\nDQYJKoZIhvcNAQELBQADggEBAAU77/4swLfSmEN08wFh5o3bocV1zavjvWMt0mVG\n05kT5e1iYspmULjgNPw3aiBzFQPy2nA1lNX1rHZNl/GtHRGE+ZYJA28z24LOijIm\n2rIMdF7muneZTF6EQBZA3yrJcCNCoi4uH8QpKM5rApJVAF78eb15m6yZGPxRZ4G2\npwpJHw8Xs45FkUci/2SkloEand+uXBwnj5IIhWXLGMIFr0qgr4nfhe1QO+lyrzZr\nTlTHFnyHA7PV+3bC4jCIz57zEyoC0S2DJ9hU444cxx12cfWmZazUsjLmClIt36av\nCi4xn6ErquNe5YlE2Hwe+WyI2fN9VN6SHjnAv8pOqHGAuBQ=\n-----END CERTIFICATE-----",
                "common_name": "C=US,O=Google\\, Inc,CN=Google Cloud SQL Server CA,dnQualifier=a50d3d85-c527-4bcf-aba9-4a872e47eefe",
                "create_time": "2024-01-12T16:47:07.881Z",
                "expiration_time": "2034-01-09T16:48:07.881Z",
                "sha1_fingerprint": "c07f2a1c6d82e377e99d1b549a5a0a9da4374325"
              }
            ],
            "service_account_email_address": "p484669734424-djzn9c@gcp-sa-cloud-sql.iam.gserviceaccount.com",
            "settings": [
              {
                "activation_policy": "ALWAYS",
                "active_directory_config": [],
                "advanced_machine_features": [],
                "availability_type": "ZONAL",
                "backup_configuration": [
                  {
                    "backup_retention_settings": [
                      {
                        "retained_backups": 7,
                        "retention_unit": "COUNT"
                      }
                    ],
                    "binary_log_enabled": false,
                    "enabled": false,
                    "location": "",
                    "point_in_time_recovery_enabled": false,
                    "start_time": "23:00",
                    "transaction_log_retention_days": 7
                  }
                ],
                "collation": "",
                "connector_enforcement": "NOT_REQUIRED",
                "data_cache_config": [],
                "database_flags": [],
                "deletion_protection_enabled": false,
                "deny_maintenance_period": [],
                "disk_autoresize": true,
                "disk_autoresize_limit": 0,
                "disk_size": 10,
                "disk_type": "PD_SSD",
                "edition": "ENTERPRISE",
                "insights_config": [],
                "ip_configuration": [
                  {
                    "allocated_ip_range": "",
                    "authorized_networks": [],
                    "enable_private_path_for_google_cloud_services": false,
                    "ipv4_enabled": true,
                    "private_network": "",
                    "psc_config": [],
                    "require_ssl": false,
                    "ssl_mode": ""
                  }
                ],
                "location_preference": [
                  {
                    "follow_gae_application": "",
                    "secondary_zone": "",
                    "zone": "us-central1-b"
                  }
                ],
                "maintenance_window": [],
                "password_validation_policy": [],
                "pricing_plan": "PER_USE",
                "sql_server_audit_config": [],
                "tier": "db-f1-micro",
                "time_zone": "",
                "user_labels": {},
                "version": 4
              }
            ],
            "timeouts": null
          },
          "sensitive_attributes": [],
          "private": "eyJlMmJmYjczMC1lY2FhLTExZTYtOGY4OC0zNDM2M2JjN2M0YzAiOnsiY3JlYXRlIjoyNDAwMDAwMDAwMDAwLCJkZWxldGUiOjE4MDAwMDAwMDAwMDAsInVwZGF0ZSI6MTgwMDAwMDAwMDAwMH19",
          "dependencies": [
            "google_project_service.servicenetworking",
            "google_project_service.services",
            "google_project_service.sql-component",
            "time_sleep.wait_30_seconds"
          ]
        }
      ]
    },
    {
      "mode": "managed",
      "type": "google_sql_database_instance",
      "name": "secondary",
      "provider": "provider[\"registry.terraform.io/hashicorp/google\"]",
      "instances": [
        {
          "schema_version": 0,
          "attributes": {
            "available_maintenance_versions": [],
            "clone": [],
            "connection_name": "mytesting-400910:europe-west1:postgresql-secondary",
            "database_version": "POSTGRES_15",
            "deletion_protection": true,
            "dns_name": "",
            "encryption_key_name": null,
            "first_ip_address": "35.241.160.126",
            "id": "postgresql-secondary",
            "instance_type": "READ_REPLICA_INSTANCE",
            "ip_address": [
              {
                "ip_address": "35.241.160.126",
                "time_to_retire": "",
                "type": "PRIMARY"
              },
              {
                "ip_address": "34.140.106.83",
                "time_to_retire": "",
                "type": "OUTGOING"
              }
            ],
            "maintenance_version": "POSTGRES_15_4.R20230830.01_07",
            "master_instance_name": "postgresql-primary",
            "name": "postgresql-secondary",
            "private_ip_address": "",
            "project": "mytesting-400910",
            "psc_service_attachment_link": "",
            "public_ip_address": "35.241.160.126",
            "region": "europe-west1",
            "replica_configuration": [
              {
                "ca_certificate": "",
                "client_certificate": "",
                "client_key": "",
                "connect_retry_interval": 0,
                "dump_file_path": "",
                "failover_target": false,
                "master_heartbeat_period": 0,
                "password": "",
                "ssl_cipher": "",
                "username": "",
                "verify_server_certificate": false
              }
            ],
            "restore_backup_context": [],
            "root_password": null,
            "self_link": "https://sqladmin.googleapis.com/sql/v1beta4/projects/mytesting-400910/instances/postgresql-secondary",
            "server_ca_cert": [
              {
                "cert": "-----BEGIN CERTIFICATE-----\nMIIDfzCCAmegAwIBAgIBADANBgkqhkiG9w0BAQsFADB3MS0wKwYDVQQuEyQ5MzQ1\nMWVhOC1jYjZmLTRiYWEtODZlNS1jYjY5MjBiZmEyYTExIzAhBgNVBAMTGkdvb2ds\nZSBDbG91ZCBTUUwgU2VydmVyIENBMRQwEgYDVQQKEwtHb29nbGUsIEluYzELMAkG\nA1UEBhMCVVMwHhcNMjQwMTEyMTcwMDQ0WhcNMzQwMTA5MTcwMTQ0WjB3MS0wKwYD\nVQQuEyQ5MzQ1MWVhOC1jYjZmLTRiYWEtODZlNS1jYjY5MjBiZmEyYTExIzAhBgNV\nBAMTGkdvb2dsZSBDbG91ZCBTUUwgU2VydmVyIENBMRQwEgYDVQQKEwtHb29nbGUs\nIEluYzELMAkGA1UEBhMCVVMwggEiMA0GCSqGSIb3DQEBAQUAA4IBDwAwggEKAoIB\nAQDIdlAkP4OFzCBkfYkETh2WIZD5m7vsMDzMlOleUeBieaMfoHmMtiSYOc3A4QJa\nQk8ndFmXXLNYijIzVXWAwh2eYJzJhlzSUDMq5zA88SosIPMkWruYv5CliYBo1LGZ\nAvs8Em7FOPxZ+oMs5vbvnNwfTOFOexR5UKZ6x168wxpKpbAKyrOA3L8eMJ851E7a\nNuNz2Ch32HWEt8953WJKWcBwXyMnJB4ZPGBr0kOGEWf4hdRfDu/MIwCL+dh61mYc\nfkuibrOix3JZMjvVC1wVSSWqFHuG0l1ruIdMLWFKxIoisiBKMPaANhvvVM90PN9A\nN8cWt7AM5mjoCMtS2wsvjj6rAgMBAAGjFjAUMBIGA1UdEwEB/wQIMAYBAf8CAQAw\nDQYJKoZIhvcNAQELBQADggEBAH17sG9Gn/s5vld6lIfX74rnlIH0ZyYwYHl4RZ1X\n69mgPf7+hEiqZMeecuBqevBtDmPnrVVDdk8GSQVJrR+DT8Ib+AqRBP6kXCxvvx9A\n5zf0KMmRyo39mSlVrcR63ZmpLwRzGmXt85dRybvlg8ewFI5ITTdkOI2YqirXS0/e\nKt0xKk7TxtqCldcBMVwRF7XZ+vEHelUlfLMaey4KX5qTbsXjbTicmVVJP5uUVj+r\noq+ab5oQvfVFVoI8a3ShzqFJjw/azTXrNzTy+N+0GbBKq8HsVNn4FrtC0UvOnQzU\nQdlBsBBwqwiQ7ZCaxjD81W6EIYpOwYo94cT9nxOy7ryZXPo=\n-----END CERTIFICATE-----",
                "common_name": "C=US,O=Google\\, Inc,CN=Google Cloud SQL Server CA,dnQualifier=93451ea8-cb6f-4baa-86e5-cb6920bfa2a1",
                "create_time": "2024-01-12T17:00:44.360Z",
                "expiration_time": "2034-01-09T17:01:44.360Z",
                "sha1_fingerprint": "83bbf98f657cd814f2026f249adb36d09fd61dde"
              }
            ],
            "service_account_email_address": "p484669734424-lbgodc@gcp-sa-cloud-sql.iam.gserviceaccount.com",
            "settings": [
              {
                "activation_policy": "ALWAYS",
                "active_directory_config": [],
                "advanced_machine_features": [],
                "availability_type": "ZONAL",
                "backup_configuration": [
                  {
                    "backup_retention_settings": [
                      {
                        "retained_backups": 7,
                        "retention_unit": "COUNT"
                      }
                    ],
                    "binary_log_enabled": false,
                    "enabled": false,
                    "location": "",
                    "point_in_time_recovery_enabled": false,
                    "start_time": "21:00",
                    "transaction_log_retention_days": 7
                  }
                ],
                "collation": "",
                "connector_enforcement": "NOT_REQUIRED",
                "data_cache_config": [],
                "database_flags": [],
                "deletion_protection_enabled": false,
                "deny_maintenance_period": [],
                "disk_autoresize": true,
                "disk_autoresize_limit": 0,
                "disk_size": 10,
                "disk_type": "PD_SSD",
                "edition": "ENTERPRISE",
                "insights_config": [],
                "ip_configuration": [
                  {
                    "allocated_ip_range": "",
                    "authorized_networks": [],
                    "enable_private_path_for_google_cloud_services": false,
                    "ipv4_enabled": true,
                    "private_network": "",
                    "psc_config": [],
                    "require_ssl": false,
                    "ssl_mode": ""
                  }
                ],
                "location_preference": [
                  {
                    "follow_gae_application": "",
                    "secondary_zone": "",
                    "zone": "europe-west1-d"
                  }
                ],
                "maintenance_window": [],
                "password_validation_policy": [],
                "pricing_plan": "PER_USE",
                "sql_server_audit_config": [],
                "tier": "db-f1-micro",
                "time_zone": "",
                "user_labels": {},
                "version": 2
              }
            ],
            "timeouts": null
          },
          "sensitive_attributes": [],
          "private": "eyJlMmJmYjczMC1lY2FhLTExZTYtOGY4OC0zNDM2M2JjN2M0YzAiOnsiY3JlYXRlIjoyNDAwMDAwMDAwMDAwLCJkZWxldGUiOjE4MDAwMDAwMDAwMDAsInVwZGF0ZSI6MTgwMDAwMDAwMDAwMH19",
          "dependencies": [
            "google_project_service.servicenetworking",
            "google_project_service.services",
            "google_project_service.sql-component",
            "google_sql_database_instance.primary",
            "time_sleep.wait_30_seconds"
          ]
        }
      ]
    },
    {
      "mode": "managed",
      "type": "time_sleep",
      "name": "wait_30_seconds",
      "provider": "provider[\"registry.terraform.io/hashicorp/time\"]",
      "instances": [
        {
          "schema_version": 0,
          "attributes": {
            "create_duration": "30s",
            "destroy_duration": null,
            "id": "2024-01-12T16:41:35Z",
            "triggers": null
          },
          "sensitive_attributes": [],
          "dependencies": [
            "google_project_service.servicenetworking",
            "google_project_service.services",
            "google_project_service.sql-component"
          ]
        }
      ]
    }
  ]
}
